// !$*UTF8*$!
{
	archiveVersion = 1;
	classes = {
	};
	objectVersion = 46;
	objects = {

/* Begin PBXBuildFile section */
		685934331D0D094B00A12AC2 /* TencentOpenAPI.framework in Frameworks */ = {isa = PBXBuildFile; fileRef = 685934311D0D094B00A12AC2 /* TencentOpenAPI.framework */; };
		685934341D0D094B00A12AC2 /* TencentOpenApi_IOS_Bundle.bundle in Resources */ = {isa = PBXBuildFile; fileRef = 685934321D0D094B00A12AC2 /* TencentOpenApi_IOS_Bundle.bundle */; };
		685934361D0D09B300A12AC2 /* CoreImage.framework in Frameworks */ = {isa = PBXBuildFile; fileRef = 685934351D0D09B300A12AC2 /* CoreImage.framework */; };
		685934381D0D09BC00A12AC2 /* Photos.framework in Frameworks */ = {isa = PBXBuildFile; fileRef = 685934371D0D09BC00A12AC2 /* Photos.framework */; };
		6859343A1D0D09C300A12AC2 /* AssetsLibrary.framework in Frameworks */ = {isa = PBXBuildFile; fileRef = 685934391D0D09C300A12AC2 /* AssetsLibrary.framework */; };
		6859343C1D0D09CD00A12AC2 /* CoreLocation.framework in Frameworks */ = {isa = PBXBuildFile; fileRef = 6859343B1D0D09CD00A12AC2 /* CoreLocation.framework */; };
		6859343E1D0D09D600A12AC2 /* QuartzCore.framework in Frameworks */ = {isa = PBXBuildFile; fileRef = 6859343D1D0D09D600A12AC2 /* QuartzCore.framework */; };
		685934401D0D09DE00A12AC2 /* MobileCoreServices.framework in Frameworks */ = {isa = PBXBuildFile; fileRef = 6859343F1D0D09DE00A12AC2 /* MobileCoreServices.framework */; };
		685934421D0D09F000A12AC2 /* CoreGraphics.framework in Frameworks */ = {isa = PBXBuildFile; fileRef = 685934411D0D09F000A12AC2 /* CoreGraphics.framework */; };
		686DB8351D07FBC6003867F1 /* main.m in Sources */ = {isa = PBXBuildFile; fileRef = 686DB8341D07FBC6003867F1 /* main.m */; };
		686DB8381D07FBC6003867F1 /* AppDelegate.m in Sources */ = {isa = PBXBuildFile; fileRef = 686DB8371D07FBC6003867F1 /* AppDelegate.m */; };
		686DB83B1D07FBC6003867F1 /* ViewController.m in Sources */ = {isa = PBXBuildFile; fileRef = 686DB83A1D07FBC6003867F1 /* ViewController.m */; };
		686DB83E1D07FBC6003867F1 /* Main.storyboard in Resources */ = {isa = PBXBuildFile; fileRef = 686DB83C1D07FBC6003867F1 /* Main.storyboard */; };
		686DB8401D07FBC6003867F1 /* Assets.xcassets in Resources */ = {isa = PBXBuildFile; fileRef = 686DB83F1D07FBC6003867F1 /* Assets.xcassets */; };
		686DB8431D07FBC6003867F1 /* LaunchScreen.storyboard in Resources */ = {isa = PBXBuildFile; fileRef = 686DB8411D07FBC6003867F1 /* LaunchScreen.storyboard */; };
		686DB84E1D07FBC6003867F1 /* SocialShareTests.m in Sources */ = {isa = PBXBuildFile; fileRef = 686DB84D1D07FBC6003867F1 /* SocialShareTests.m */; };
		686DB8591D07FBC6003867F1 /* SocialShareUITests.m in Sources */ = {isa = PBXBuildFile; fileRef = 686DB8581D07FBC6003867F1 /* SocialShareUITests.m */; };
		686DB86D1D07FBE3003867F1 /* libWeChatSDK.a in Frameworks */ = {isa = PBXBuildFile; fileRef = 686DB8681D07FBE3003867F1 /* libWeChatSDK.a */; };
		686DB86E1D07FBE3003867F1 /* README.txt in Resources */ = {isa = PBXBuildFile; fileRef = 686DB8691D07FBE3003867F1 /* README.txt */; };
		686DB87A1D080231003867F1 /* ShareManagerViewController.m in Sources */ = {isa = PBXBuildFile; fileRef = 686DB8781D080231003867F1 /* ShareManagerViewController.m */; };
		686DB87B1D080231003867F1 /* ShareManagerViewController.xib in Resources */ = {isa = PBXBuildFile; fileRef = 686DB8791D080231003867F1 /* ShareManagerViewController.xib */; };
		686DB8881D08180B003867F1 /* WXApiManager.m in Sources */ = {isa = PBXBuildFile; fileRef = 686DB8831D08180B003867F1 /* WXApiManager.m */; settings = {COMPILER_FLAGS = "-fno-objc-arc"; }; };
		686DB8891D08180B003867F1 /* WXApiRequestHandler.m in Sources */ = {isa = PBXBuildFile; fileRef = 686DB8851D08180B003867F1 /* WXApiRequestHandler.m */; settings = {COMPILER_FLAGS = "-fno-objc-arc"; }; };
		686DB88A1D08180B003867F1 /* WXApiResponseHandler.m in Sources */ = {isa = PBXBuildFile; fileRef = 686DB8871D08180B003867F1 /* WXApiResponseHandler.m */; settings = {COMPILER_FLAGS = "-fno-objc-arc"; }; };
		686DB8931D081865003867F1 /* GetMessageFromWXResp+responseWithTextOrMediaMessage.m in Sources */ = {isa = PBXBuildFile; fileRef = 686DB88E1D081865003867F1 /* GetMessageFromWXResp+responseWithTextOrMediaMessage.m */; settings = {COMPILER_FLAGS = "-fno-objc-arc"; }; };
		686DB8941D081865003867F1 /* SendMessageToWXReq+requestWithTextOrMediaMessage.m in Sources */ = {isa = PBXBuildFile; fileRef = 686DB8901D081865003867F1 /* SendMessageToWXReq+requestWithTextOrMediaMessage.m */; settings = {COMPILER_FLAGS = "-fno-objc-arc"; }; };
		686DB8951D081865003867F1 /* WXMediaMessage+messageConstruct.m in Sources */ = {isa = PBXBuildFile; fileRef = 686DB8921D081865003867F1 /* WXMediaMessage+messageConstruct.m */; settings = {COMPILER_FLAGS = "-fno-objc-arc"; }; };
		686DB8971D081BF2003867F1 /* Security.framework in Frameworks */ = {isa = PBXBuildFile; fileRef = 686DB8961D081BF2003867F1 /* Security.framework */; };
		686DB8991D081C05003867F1 /* CoreTelephony.framework in Frameworks */ = {isa = PBXBuildFile; fileRef = 686DB8981D081C05003867F1 /* CoreTelephony.framework */; };
		686DB89B1D081C0C003867F1 /* SystemConfiguration.framework in Frameworks */ = {isa = PBXBuildFile; fileRef = 686DB89A1D081C0C003867F1 /* SystemConfiguration.framework */; };
		686DB89D1D081C19003867F1 /* libz.tbd in Frameworks */ = {isa = PBXBuildFile; fileRef = 686DB89C1D081C19003867F1 /* libz.tbd */; };
		686DB89F1D081C21003867F1 /* libsqlite3.0.tbd in Frameworks */ = {isa = PBXBuildFile; fileRef = 686DB89E1D081C21003867F1 /* libsqlite3.0.tbd */; settings = {ATTRIBUTES = (Required, ); }; };
		686DB8A11D081C29003867F1 /* UIKit.framework in Frameworks */ = {isa = PBXBuildFile; fileRef = 686DB8A01D081C29003867F1 /* UIKit.framework */; };
		686DB8A31D081C2E003867F1 /* Foundation.framework in Frameworks */ = {isa = PBXBuildFile; fileRef = 686DB8A21D081C2E003867F1 /* Foundation.framework */; };
		686DB8A61D081FF4003867F1 /* libc++.tbd in Frameworks */ = {isa = PBXBuildFile; fileRef = 686DB8A51D081FF4003867F1 /* libc++.tbd */; };
		686DB8AA1D082589003867F1 /* res1.jpg in Resources */ = {isa = PBXBuildFile; fileRef = 686DB8A81D082589003867F1 /* res1.jpg */; };
		686DB8AB1D082589003867F1 /* res1thumb.png in Resources */ = {isa = PBXBuildFile; fileRef = 686DB8A91D082589003867F1 /* res1thumb.png */; };
		686DB8AD1D082597003867F1 /* res2.png in Resources */ = {isa = PBXBuildFile; fileRef = 686DB8AC1D082597003867F1 /* res2.png */; };
/* End PBXBuildFile section */

/* Begin PBXContainerItemProxy section */
		686DB84A1D07FBC6003867F1 /* PBXContainerItemProxy */ = {
			isa = PBXContainerItemProxy;
			containerPortal = 686DB8281D07FBC6003867F1 /* Project object */;
			proxyType = 1;
			remoteGlobalIDString = 686DB82F1D07FBC6003867F1;
			remoteInfo = SocialShare;
		};
		686DB8551D07FBC6003867F1 /* PBXContainerItemProxy */ = {
			isa = PBXContainerItemProxy;
			containerPortal = 686DB8281D07FBC6003867F1 /* Project object */;
			proxyType = 1;
			remoteGlobalIDString = 686DB82F1D07FBC6003867F1;
			remoteInfo = SocialShare;
		};
/* End PBXContainerItemProxy section */

/* Begin PBXFileReference section */
		685934311D0D094B00A12AC2 /* TencentOpenAPI.framework */ = {isa = PBXFileReference; lastKnownFileType = wrapper.framework; path = TencentOpenAPI.framework; sourceTree = "<group>"; };
		685934321D0D094B00A12AC2 /* TencentOpenApi_IOS_Bundle.bundle */ = {isa = PBXFileReference; lastKnownFileType = "wrapper.plug-in"; path = TencentOpenApi_IOS_Bundle.bundle; sourceTree = "<group>"; };
		685934351D0D09B300A12AC2 /* CoreImage.framework */ = {isa = PBXFileReference; lastKnownFileType = wrapper.framework; name = CoreImage.framework; path = System/Library/Frameworks/CoreImage.framework; sourceTree = SDKROOT; };
		685934371D0D09BC00A12AC2 /* Photos.framework */ = {isa = PBXFileReference; lastKnownFileType = wrapper.framework; name = Photos.framework; path = System/Library/Frameworks/Photos.framework; sourceTree = SDKROOT; };
		685934391D0D09C300A12AC2 /* AssetsLibrary.framework */ = {isa = PBXFileReference; lastKnownFileType = wrapper.framework; name = AssetsLibrary.framework; path = System/Library/Frameworks/AssetsLibrary.framework; sourceTree = SDKROOT; };
		6859343B1D0D09CD00A12AC2 /* CoreLocation.framework */ = {isa = PBXFileReference; lastKnownFileType = wrapper.framework; name = CoreLocation.framework; path = System/Library/Frameworks/CoreLocation.framework; sourceTree = SDKROOT; };
		6859343D1D0D09D600A12AC2 /* QuartzCore.framework */ = {isa = PBXFileReference; lastKnownFileType = wrapper.framework; name = QuartzCore.framework; path = System/Library/Frameworks/QuartzCore.framework; sourceTree = SDKROOT; };
		6859343F1D0D09DE00A12AC2 /* MobileCoreServices.framework */ = {isa = PBXFileReference; lastKnownFileType = wrapper.framework; name = MobileCoreServices.framework; path = System/Library/Frameworks/MobileCoreServices.framework; sourceTree = SDKROOT; };
		685934411D0D09F000A12AC2 /* CoreGraphics.framework */ = {isa = PBXFileReference; lastKnownFileType = wrapper.framework; name = CoreGraphics.framework; path = System/Library/Frameworks/CoreGraphics.framework; sourceTree = SDKROOT; };
		686DB8301D07FBC6003867F1 /* SocialShare.app */ = {isa = PBXFileReference; explicitFileType = wrapper.application; includeInIndex = 0; path = SocialShare.app; sourceTree = BUILT_PRODUCTS_DIR; };
		686DB8341D07FBC6003867F1 /* main.m */ = {isa = PBXFileReference; lastKnownFileType = sourcecode.c.objc; path = main.m; sourceTree = "<group>"; };
		686DB8361D07FBC6003867F1 /* AppDelegate.h */ = {isa = PBXFileReference; lastKnownFileType = sourcecode.c.h; path = AppDelegate.h; sourceTree = "<group>"; };
		686DB8371D07FBC6003867F1 /* AppDelegate.m */ = {isa = PBXFileReference; lastKnownFileType = sourcecode.c.objc; path = AppDelegate.m; sourceTree = "<group>"; };
		686DB8391D07FBC6003867F1 /* ViewController.h */ = {isa = PBXFileReference; lastKnownFileType = sourcecode.c.h; path = ViewController.h; sourceTree = "<group>"; };
		686DB83A1D07FBC6003867F1 /* ViewController.m */ = {isa = PBXFileReference; lastKnownFileType = sourcecode.c.objc; path = ViewController.m; sourceTree = "<group>"; };
		686DB83D1D07FBC6003867F1 /* Base */ = {isa = PBXFileReference; lastKnownFileType = file.storyboard; name = Base; path = Base.lproj/Main.storyboard; sourceTree = "<group>"; };
		686DB83F1D07FBC6003867F1 /* Assets.xcassets */ = {isa = PBXFileReference; lastKnownFileType = folder.assetcatalog; path = Assets.xcassets; sourceTree = "<group>"; };
		686DB8421D07FBC6003867F1 /* Base */ = {isa = PBXFileReference; lastKnownFileType = file.storyboard; name = Base; path = Base.lproj/LaunchScreen.storyboard; sourceTree = "<group>"; };
		686DB8441D07FBC6003867F1 /* Info.plist */ = {isa = PBXFileReference; lastKnownFileType = text.plist.xml; path = Info.plist; sourceTree = "<group>"; };
		686DB8491D07FBC6003867F1 /* SocialShareTests.xctest */ = {isa = PBXFileReference; explicitFileType = wrapper.cfbundle; includeInIndex = 0; path = SocialShareTests.xctest; sourceTree = BUILT_PRODUCTS_DIR; };
		686DB84D1D07FBC6003867F1 /* SocialShareTests.m */ = {isa = PBXFileReference; lastKnownFileType = sourcecode.c.objc; path = SocialShareTests.m; sourceTree = "<group>"; };
		686DB84F1D07FBC6003867F1 /* Info.plist */ = {isa = PBXFileReference; lastKnownFileType = text.plist.xml; path = Info.plist; sourceTree = "<group>"; };
		686DB8541D07FBC6003867F1 /* SocialShareUITests.xctest */ = {isa = PBXFileReference; explicitFileType = wrapper.cfbundle; includeInIndex = 0; path = SocialShareUITests.xctest; sourceTree = BUILT_PRODUCTS_DIR; };
		686DB8581D07FBC6003867F1 /* SocialShareUITests.m */ = {isa = PBXFileReference; lastKnownFileType = sourcecode.c.objc; path = SocialShareUITests.m; sourceTree = "<group>"; };
		686DB85A1D07FBC6003867F1 /* Info.plist */ = {isa = PBXFileReference; lastKnownFileType = text.plist.xml; path = Info.plist; sourceTree = "<group>"; };
		686DB8681D07FBE3003867F1 /* libWeChatSDK.a */ = {isa = PBXFileReference; lastKnownFileType = archive.ar; path = libWeChatSDK.a; sourceTree = "<group>"; };
		686DB8691D07FBE3003867F1 /* README.txt */ = {isa = PBXFileReference; fileEncoding = 4; lastKnownFileType = text; path = README.txt; sourceTree = "<group>"; };
		686DB86A1D07FBE3003867F1 /* WechatAuthSDK.h */ = {isa = PBXFileReference; fileEncoding = 4; lastKnownFileType = sourcecode.c.h; path = WechatAuthSDK.h; sourceTree = "<group>"; };
		686DB86B1D07FBE3003867F1 /* WXApi.h */ = {isa = PBXFileReference; fileEncoding = 4; lastKnownFileType = sourcecode.c.h; path = WXApi.h; sourceTree = "<group>"; };
		686DB86C1D07FBE3003867F1 /* WXApiObject.h */ = {isa = PBXFileReference; fileEncoding = 4; lastKnownFileType = sourcecode.c.h; path = WXApiObject.h; sourceTree = "<group>"; };
		686DB8771D080231003867F1 /* ShareManagerViewController.h */ = {isa = PBXFileReference; fileEncoding = 4; lastKnownFileType = sourcecode.c.h; path = ShareManagerViewController.h; sourceTree = "<group>"; };
		686DB8781D080231003867F1 /* ShareManagerViewController.m */ = {isa = PBXFileReference; fileEncoding = 4; lastKnownFileType = sourcecode.c.objc; path = ShareManagerViewController.m; sourceTree = "<group>"; };
		686DB8791D080231003867F1 /* ShareManagerViewController.xib */ = {isa = PBXFileReference; fileEncoding = 4; lastKnownFileType = file.xib; path = ShareManagerViewController.xib; sourceTree = "<group>"; };
		686DB8821D08180B003867F1 /* WXApiManager.h */ = {isa = PBXFileReference; fileEncoding = 4; lastKnownFileType = sourcecode.c.h; path = WXApiManager.h; sourceTree = "<group>"; };
		686DB8831D08180B003867F1 /* WXApiManager.m */ = {isa = PBXFileReference; fileEncoding = 4; lastKnownFileType = sourcecode.c.objc; path = WXApiManager.m; sourceTree = "<group>"; };
		686DB8841D08180B003867F1 /* WXApiRequestHandler.h */ = {isa = PBXFileReference; fileEncoding = 4; lastKnownFileType = sourcecode.c.h; path = WXApiRequestHandler.h; sourceTree = "<group>"; };
		686DB8851D08180B003867F1 /* WXApiRequestHandler.m */ = {isa = PBXFileReference; fileEncoding = 4; lastKnownFileType = sourcecode.c.objc; path = WXApiRequestHandler.m; sourceTree = "<group>"; };
		686DB8861D08180B003867F1 /* WXApiResponseHandler.h */ = {isa = PBXFileReference; fileEncoding = 4; lastKnownFileType = sourcecode.c.h; path = WXApiResponseHandler.h; sourceTree = "<group>"; };
		686DB8871D08180B003867F1 /* WXApiResponseHandler.m */ = {isa = PBXFileReference; fileEncoding = 4; lastKnownFileType = sourcecode.c.objc; path = WXApiResponseHandler.m; sourceTree = "<group>"; };
		686DB88C1D081865003867F1 /* Constant.h */ = {isa = PBXFileReference; fileEncoding = 4; lastKnownFileType = sourcecode.c.h; path = Constant.h; sourceTree = "<group>"; };
		686DB88D1D081865003867F1 /* GetMessageFromWXResp+responseWithTextOrMediaMessage.h */ = {isa = PBXFileReference; fileEncoding = 4; lastKnownFileType = sourcecode.c.h; path = "GetMessageFromWXResp+responseWithTextOrMediaMessage.h"; sourceTree = "<group>"; };
		686DB88E1D081865003867F1 /* GetMessageFromWXResp+responseWithTextOrMediaMessage.m */ = {isa = PBXFileReference; fileEncoding = 4; lastKnownFileType = sourcecode.c.objc; path = "GetMessageFromWXResp+responseWithTextOrMediaMessage.m"; sourceTree = "<group>"; };
		686DB88F1D081865003867F1 /* SendMessageToWXReq+requestWithTextOrMediaMessage.h */ = {isa = PBXFileReference; fileEncoding = 4; lastKnownFileType = sourcecode.c.h; path = "SendMessageToWXReq+requestWithTextOrMediaMessage.h"; sourceTree = "<group>"; };
		686DB8901D081865003867F1 /* SendMessageToWXReq+requestWithTextOrMediaMessage.m */ = {isa = PBXFileReference; fileEncoding = 4; lastKnownFileType = sourcecode.c.objc; path = "SendMessageToWXReq+requestWithTextOrMediaMessage.m"; sourceTree = "<group>"; };
		686DB8911D081865003867F1 /* WXMediaMessage+messageConstruct.h */ = {isa = PBXFileReference; fileEncoding = 4; lastKnownFileType = sourcecode.c.h; path = "WXMediaMessage+messageConstruct.h"; sourceTree = "<group>"; };
		686DB8921D081865003867F1 /* WXMediaMessage+messageConstruct.m */ = {isa = PBXFileReference; fileEncoding = 4; lastKnownFileType = sourcecode.c.objc; path = "WXMediaMessage+messageConstruct.m"; sourceTree = "<group>"; };
		686DB8961D081BF2003867F1 /* Security.framework */ = {isa = PBXFileReference; lastKnownFileType = wrapper.framework; name = Security.framework; path = System/Library/Frameworks/Security.framework; sourceTree = SDKROOT; };
		686DB8981D081C05003867F1 /* CoreTelephony.framework */ = {isa = PBXFileReference; lastKnownFileType = wrapper.framework; name = CoreTelephony.framework; path = System/Library/Frameworks/CoreTelephony.framework; sourceTree = SDKROOT; };
		686DB89A1D081C0C003867F1 /* SystemConfiguration.framework */ = {isa = PBXFileReference; lastKnownFileType = wrapper.framework; name = SystemConfiguration.framework; path = System/Library/Frameworks/SystemConfiguration.framework; sourceTree = SDKROOT; };
		686DB89C1D081C19003867F1 /* libz.tbd */ = {isa = PBXFileReference; lastKnownFileType = "sourcecode.text-based-dylib-definition"; name = libz.tbd; path = usr/lib/libz.tbd; sourceTree = SDKROOT; };
		686DB89E1D081C21003867F1 /* libsqlite3.0.tbd */ = {isa = PBXFileReference; lastKnownFileType = "sourcecode.text-based-dylib-definition"; name = libsqlite3.0.tbd; path = usr/lib/libsqlite3.0.tbd; sourceTree = SDKROOT; };
		686DB8A01D081C29003867F1 /* UIKit.framework */ = {isa = PBXFileReference; lastKnownFileType = wrapper.framework; name = UIKit.framework; path = System/Library/Frameworks/UIKit.framework; sourceTree = SDKROOT; };
		686DB8A21D081C2E003867F1 /* Foundation.framework */ = {isa = PBXFileReference; lastKnownFileType = wrapper.framework; name = Foundation.framework; path = System/Library/Frameworks/Foundation.framework; sourceTree = SDKROOT; };
		686DB8A51D081FF4003867F1 /* libc++.tbd */ = {isa = PBXFileReference; lastKnownFileType = "sourcecode.text-based-dylib-definition"; name = "libc++.tbd"; path = "usr/lib/libc++.tbd"; sourceTree = SDKROOT; };
		686DB8A81D082589003867F1 /* res1.jpg */ = {isa = PBXFileReference; lastKnownFileType = image.jpeg; path = res1.jpg; sourceTree = "<group>"; };
		686DB8A91D082589003867F1 /* res1thumb.png */ = {isa = PBXFileReference; lastKnownFileType = image.png; path = res1thumb.png; sourceTree = "<group>"; };
		686DB8AC1D082597003867F1 /* res2.png */ = {isa = PBXFileReference; lastKnownFileType = image.png; path = res2.png; sourceTree = "<group>"; };
/* End PBXFileReference section */

/* Begin PBXFrameworksBuildPhase section */
		686DB82D1D07FBC6003867F1 /* Frameworks */ = {
			isa = PBXFrameworksBuildPhase;
			buildActionMask = 2147483647;
			files = (
				685934421D0D09F000A12AC2 /* CoreGraphics.framework in Frameworks */,
				685934401D0D09DE00A12AC2 /* MobileCoreServices.framework in Frameworks */,
				6859343E1D0D09D600A12AC2 /* QuartzCore.framework in Frameworks */,
				6859343C1D0D09CD00A12AC2 /* CoreLocation.framework in Frameworks */,
				6859343A1D0D09C300A12AC2 /* AssetsLibrary.framework in Frameworks */,
				685934381D0D09BC00A12AC2 /* Photos.framework in Frameworks */,
				685934361D0D09B300A12AC2 /* CoreImage.framework in Frameworks */,
				686DB8A61D081FF4003867F1 /* libc++.tbd in Frameworks */,
				686DB8971D081BF2003867F1 /* Security.framework in Frameworks */,
				686DB86D1D07FBE3003867F1 /* libWeChatSDK.a in Frameworks */,
				686DB8991D081C05003867F1 /* CoreTelephony.framework in Frameworks */,
				686DB89B1D081C0C003867F1 /* SystemConfiguration.framework in Frameworks */,
				685934331D0D094B00A12AC2 /* TencentOpenAPI.framework in Frameworks */,
				686DB89F1D081C21003867F1 /* libsqlite3.0.tbd in Frameworks */,
				686DB89D1D081C19003867F1 /* libz.tbd in Frameworks */,
				686DB8A31D081C2E003867F1 /* Foundation.framework in Frameworks */,
				686DB8A11D081C29003867F1 /* UIKit.framework in Frameworks */,
			);
			runOnlyForDeploymentPostprocessing = 0;
		};
		686DB8461D07FBC6003867F1 /* Frameworks */ = {
			isa = PBXFrameworksBuildPhase;
			buildActionMask = 2147483647;
			files = (
			);
			runOnlyForDeploymentPostprocessing = 0;
		};
		686DB8511D07FBC6003867F1 /* Frameworks */ = {
			isa = PBXFrameworksBuildPhase;
			buildActionMask = 2147483647;
			files = (
			);
			runOnlyForDeploymentPostprocessing = 0;
		};
/* End PBXFrameworksBuildPhase section */

/* Begin PBXGroup section */
		685934301D0D094B00A12AC2 /* TencentOpenAPISDK_V3.1.0 */ = {
			isa = PBXGroup;
			children = (
				685934311D0D094B00A12AC2 /* TencentOpenAPI.framework */,
				685934321D0D094B00A12AC2 /* TencentOpenApi_IOS_Bundle.bundle */,
			);
			path = TencentOpenAPISDK_V3.1.0;
			sourceTree = "<group>";
		};
		686DB8271D07FBC6003867F1 = {
			isa = PBXGroup;
			children = (
				686DB8321D07FBC6003867F1 /* SocialShare */,
				686DB84C1D07FBC6003867F1 /* SocialShareTests */,
				686DB8571D07FBC6003867F1 /* SocialShareUITests */,
				686DB8A41D081C3F003867F1 /* Framework */,
				686DB8311D07FBC6003867F1 /* Products */,
			);
			sourceTree = "<group>";
		};
		686DB8311D07FBC6003867F1 /* Products */ = {
			isa = PBXGroup;
			children = (
				686DB8301D07FBC6003867F1 /* SocialShare.app */,
				686DB8491D07FBC6003867F1 /* SocialShareTests.xctest */,
				686DB8541D07FBC6003867F1 /* SocialShareUITests.xctest */,
			);
			name = Products;
			sourceTree = "<group>";
		};
		686DB8321D07FBC6003867F1 /* SocialShare */ = {
			isa = PBXGroup;
			children = (
				686DB8761D07FDE8003867F1 /* CustomView */,
				686DB8661D07FBCE003867F1 /* ShareSDK */,
				686DB8361D07FBC6003867F1 /* AppDelegate.h */,
				686DB8371D07FBC6003867F1 /* AppDelegate.m */,
				686DB8391D07FBC6003867F1 /* ViewController.h */,
				686DB83A1D07FBC6003867F1 /* ViewController.m */,
				686DB83C1D07FBC6003867F1 /* Main.storyboard */,
				686DB83F1D07FBC6003867F1 /* Assets.xcassets */,
				686DB8411D07FBC6003867F1 /* LaunchScreen.storyboard */,
				686DB8441D07FBC6003867F1 /* Info.plist */,
				686DB8331D07FBC6003867F1 /* Supporting Files */,
			);
			path = SocialShare;
			sourceTree = "<group>";
		};
		686DB8331D07FBC6003867F1 /* Supporting Files */ = {
			isa = PBXGroup;
			children = (
				686DB8A71D08257E003867F1 /* Resourc */,
				686DB8341D07FBC6003867F1 /* main.m */,
			);
			name = "Supporting Files";
			sourceTree = "<group>";
		};
		686DB84C1D07FBC6003867F1 /* SocialShareTests */ = {
			isa = PBXGroup;
			children = (
				686DB84D1D07FBC6003867F1 /* SocialShareTests.m */,
				686DB84F1D07FBC6003867F1 /* Info.plist */,
			);
			path = SocialShareTests;
			sourceTree = "<group>";
		};
		686DB8571D07FBC6003867F1 /* SocialShareUITests */ = {
			isa = PBXGroup;
			children = (
				686DB8581D07FBC6003867F1 /* SocialShareUITests.m */,
				686DB85A1D07FBC6003867F1 /* Info.plist */,
			);
			path = SocialShareUITests;
			sourceTree = "<group>";
		};
		686DB8661D07FBCE003867F1 /* ShareSDK */ = {
			isa = PBXGroup;
			children = (
				685934301D0D094B00A12AC2 /* TencentOpenAPISDK_V3.1.0 */,
				686DB8671D07FBE3003867F1 /* OpenSDK1.7.1 */,
			);
			name = ShareSDK;
			sourceTree = "<group>";
		};
		686DB8671D07FBE3003867F1 /* OpenSDK1.7.1 */ = {
			isa = PBXGroup;
			children = (
				686DB88B1D081865003867F1 /* Helper */,
				686DB8811D08180B003867F1 /* Control */,
				686DB8681D07FBE3003867F1 /* libWeChatSDK.a */,
				686DB8691D07FBE3003867F1 /* README.txt */,
				686DB86A1D07FBE3003867F1 /* WechatAuthSDK.h */,
				686DB86B1D07FBE3003867F1 /* WXApi.h */,
				686DB86C1D07FBE3003867F1 /* WXApiObject.h */,
			);
			path = OpenSDK1.7.1;
			sourceTree = "<group>";
		};
		686DB8761D07FDE8003867F1 /* CustomView */ = {
			isa = PBXGroup;
			children = (
				686DB8771D080231003867F1 /* ShareManagerViewController.h */,
				686DB8781D080231003867F1 /* ShareManagerViewController.m */,
				686DB8791D080231003867F1 /* ShareManagerViewController.xib */,
			);
			name = CustomView;
			sourceTree = "<group>";
		};
		686DB8811D08180B003867F1 /* Control */ = {
			isa = PBXGroup;
			children = (
				686DB8821D08180B003867F1 /* WXApiManager.h */,
				686DB8831D08180B003867F1 /* WXApiManager.m */,
				686DB8841D08180B003867F1 /* WXApiRequestHandler.h */,
				686DB8851D08180B003867F1 /* WXApiRequestHandler.m */,
				686DB8861D08180B003867F1 /* WXApiResponseHandler.h */,
				686DB8871D08180B003867F1 /* WXApiResponseHandler.m */,
			);
			path = Control;
			sourceTree = "<group>";
		};
		686DB88B1D081865003867F1 /* Helper */ = {
			isa = PBXGroup;
			children = (
				686DB88C1D081865003867F1 /* Constant.h */,
				686DB88D1D081865003867F1 /* GetMessageFromWXResp+responseWithTextOrMediaMessage.h */,
				686DB88E1D081865003867F1 /* GetMessageFromWXResp+responseWithTextOrMediaMessage.m */,
				686DB88F1D081865003867F1 /* SendMessageToWXReq+requestWithTextOrMediaMessage.h */,
				686DB8901D081865003867F1 /* SendMessageToWXReq+requestWithTextOrMediaMessage.m */,
				686DB8911D081865003867F1 /* WXMediaMessage+messageConstruct.h */,
				686DB8921D081865003867F1 /* WXMediaMessage+messageConstruct.m */,
			);
			path = Helper;
			sourceTree = "<group>";
		};
		686DB8A41D081C3F003867F1 /* Framework */ = {
			isa = PBXGroup;
			children = (
				685934411D0D09F000A12AC2 /* CoreGraphics.framework */,
				6859343F1D0D09DE00A12AC2 /* MobileCoreServices.framework */,
				6859343D1D0D09D600A12AC2 /* QuartzCore.framework */,
				6859343B1D0D09CD00A12AC2 /* CoreLocation.framework */,
				685934391D0D09C300A12AC2 /* AssetsLibrary.framework */,
				685934371D0D09BC00A12AC2 /* Photos.framework */,
				685934351D0D09B300A12AC2 /* CoreImage.framework */,
				686DB8A51D081FF4003867F1 /* libc++.tbd */,
				686DB8A21D081C2E003867F1 /* Foundation.framework */,
				686DB8A01D081C29003867F1 /* UIKit.framework */,
				686DB89E1D081C21003867F1 /* libsqlite3.0.tbd */,
				686DB89C1D081C19003867F1 /* libz.tbd */,
				686DB89A1D081C0C003867F1 /* SystemConfiguration.framework */,
				686DB8981D081C05003867F1 /* CoreTelephony.framework */,
				686DB8961D081BF2003867F1 /* Security.framework */,
			);
			name = Framework;
			sourceTree = "<group>";
		};
		686DB8A71D08257E003867F1 /* Resourc */ = {
			isa = PBXGroup;
			children = (
				686DB8AC1D082597003867F1 /* res2.png */,
				686DB8A81D082589003867F1 /* res1.jpg */,
				686DB8A91D082589003867F1 /* res1thumb.png */,
			);
			name = Resourc;
			sourceTree = "<group>";
		};
/* End PBXGroup section */

/* Begin PBXNativeTarget section */
		686DB82F1D07FBC6003867F1 /* SocialShare */ = {
			isa = PBXNativeTarget;
			buildConfigurationList = 686DB85D1D07FBC6003867F1 /* Build configuration list for PBXNativeTarget "SocialShare" */;
			buildPhases = (
				686DB82C1D07FBC6003867F1 /* Sources */,
				686DB82D1D07FBC6003867F1 /* Frameworks */,
				686DB82E1D07FBC6003867F1 /* Resources */,
			);
			buildRules = (
			);
			dependencies = (
			);
			name = SocialShare;
			productName = SocialShare;
			productReference = 686DB8301D07FBC6003867F1 /* SocialShare.app */;
			productType = "com.apple.product-type.application";
		};
		686DB8481D07FBC6003867F1 /* SocialShareTests */ = {
			isa = PBXNativeTarget;
			buildConfigurationList = 686DB8601D07FBC6003867F1 /* Build configuration list for PBXNativeTarget "SocialShareTests" */;
			buildPhases = (
				686DB8451D07FBC6003867F1 /* Sources */,
				686DB8461D07FBC6003867F1 /* Frameworks */,
				686DB8471D07FBC6003867F1 /* Resources */,
			);
			buildRules = (
			);
			dependencies = (
				686DB84B1D07FBC6003867F1 /* PBXTargetDependency */,
			);
			name = SocialShareTests;
			productName = SocialShareTests;
			productReference = 686DB8491D07FBC6003867F1 /* SocialShareTests.xctest */;
			productType = "com.apple.product-type.bundle.unit-test";
		};
		686DB8531D07FBC6003867F1 /* SocialShareUITests */ = {
			isa = PBXNativeTarget;
			buildConfigurationList = 686DB8631D07FBC6003867F1 /* Build configuration list for PBXNativeTarget "SocialShareUITests" */;
			buildPhases = (
				686DB8501D07FBC6003867F1 /* Sources */,
				686DB8511D07FBC6003867F1 /* Frameworks */,
				686DB8521D07FBC6003867F1 /* Resources */,
			);
			buildRules = (
			);
			dependencies = (
				686DB8561D07FBC6003867F1 /* PBXTargetDependency */,
			);
			name = SocialShareUITests;
			productName = SocialShareUITests;
			productReference = 686DB8541D07FBC6003867F1 /* SocialShareUITests.xctest */;
			productType = "com.apple.product-type.bundle.ui-testing";
		};
/* End PBXNativeTarget section */

/* Begin PBXProject section */
		686DB8281D07FBC6003867F1 /* Project object */ = {
			isa = PBXProject;
			attributes = {
				LastUpgradeCheck = 0730;
				ORGANIZATIONNAME = lanhe;
				TargetAttributes = {
					686DB82F1D07FBC6003867F1 = {
						CreatedOnToolsVersion = 7.3.1;
						DevelopmentTeam = 4J3CX5ZCD5;
					};
					686DB8481D07FBC6003867F1 = {
						CreatedOnToolsVersion = 7.3.1;
						TestTargetID = 686DB82F1D07FBC6003867F1;
					};
					686DB8531D07FBC6003867F1 = {
						CreatedOnToolsVersion = 7.3.1;
						TestTargetID = 686DB82F1D07FBC6003867F1;
					};
				};
			};
			buildConfigurationList = 686DB82B1D07FBC6003867F1 /* Build configuration list for PBXProject "SocialShare" */;
			compatibilityVersion = "Xcode 3.2";
			developmentRegion = English;
			hasScannedForEncodings = 0;
			knownRegions = (
				en,
				Base,
			);
			mainGroup = 686DB8271D07FBC6003867F1;
			productRefGroup = 686DB8311D07FBC6003867F1 /* Products */;
			projectDirPath = "";
			projectRoot = "";
			targets = (
				686DB82F1D07FBC6003867F1 /* SocialShare */,
				686DB8481D07FBC6003867F1 /* SocialShareTests */,
				686DB8531D07FBC6003867F1 /* SocialShareUITests */,
			);
		};
/* End PBXProject section */

/* Begin PBXResourcesBuildPhase section */
		686DB82E1D07FBC6003867F1 /* Resources */ = {
			isa = PBXResourcesBuildPhase;
			buildActionMask = 2147483647;
			files = (
				686DB8431D07FBC6003867F1 /* LaunchScreen.storyboard in Resources */,
				686DB8401D07FBC6003867F1 /* Assets.xcassets in Resources */,
				686DB87B1D080231003867F1 /* ShareManagerViewController.xib in Resources */,
				686DB86E1D07FBE3003867F1 /* README.txt in Resources */,
				686DB8AA1D082589003867F1 /* res1.jpg in Resources */,
				686DB83E1D07FBC6003867F1 /* Main.storyboard in Resources */,
				685934341D0D094B00A12AC2 /* TencentOpenApi_IOS_Bundle.bundle in Resources */,
				686DB8AB1D082589003867F1 /* res1thumb.png in Resources */,
				686DB8AD1D082597003867F1 /* res2.png in Resources */,
			);
			runOnlyForDeploymentPostprocessing = 0;
		};
		686DB8471D07FBC6003867F1 /* Resources */ = {
			isa = PBXResourcesBuildPhase;
			buildActionMask = 2147483647;
			files = (
			);
			runOnlyForDeploymentPostprocessing = 0;
		};
		686DB8521D07FBC6003867F1 /* Resources */ = {
			isa = PBXResourcesBuildPhase;
			buildActionMask = 2147483647;
			files = (
			);
			runOnlyForDeploymentPostprocessing = 0;
		};
/* End PBXResourcesBuildPhase section */

/* Begin PBXSourcesBuildPhase section */
		686DB82C1D07FBC6003867F1 /* Sources */ = {
			isa = PBXSourcesBuildPhase;
			buildActionMask = 2147483647;
			files = (
				686DB87A1D080231003867F1 /* ShareManagerViewController.m in Sources */,
				686DB83B1D07FBC6003867F1 /* ViewController.m in Sources */,
				686DB8931D081865003867F1 /* GetMessageFromWXResp+responseWithTextOrMediaMessage.m in Sources */,
				686DB8941D081865003867F1 /* SendMessageToWXReq+requestWithTextOrMediaMessage.m in Sources */,
				686DB8381D07FBC6003867F1 /* AppDelegate.m in Sources */,
				686DB8951D081865003867F1 /* WXMediaMessage+messageConstruct.m in Sources */,
				686DB8881D08180B003867F1 /* WXApiManager.m in Sources */,
				686DB8891D08180B003867F1 /* WXApiRequestHandler.m in Sources */,
				686DB8351D07FBC6003867F1 /* main.m in Sources */,
				686DB88A1D08180B003867F1 /* WXApiResponseHandler.m in Sources */,
			);
			runOnlyForDeploymentPostprocessing = 0;
		};
		686DB8451D07FBC6003867F1 /* Sources */ = {
			isa = PBXSourcesBuildPhase;
			buildActionMask = 2147483647;
			files = (
				686DB84E1D07FBC6003867F1 /* SocialShareTests.m in Sources */,
			);
			runOnlyForDeploymentPostprocessing = 0;
		};
		686DB8501D07FBC6003867F1 /* Sources */ = {
			isa = PBXSourcesBuildPhase;
			buildActionMask = 2147483647;
			files = (
				686DB8591D07FBC6003867F1 /* SocialShareUITests.m in Sources */,
			);
			runOnlyForDeploymentPostprocessing = 0;
		};
/* End PBXSourcesBuildPhase section */

/* Begin PBXTargetDependency section */
		686DB84B1D07FBC6003867F1 /* PBXTargetDependency */ = {
			isa = PBXTargetDependency;
			target = 686DB82F1D07FBC6003867F1 /* SocialShare */;
			targetProxy = 686DB84A1D07FBC6003867F1 /* PBXContainerItemProxy */;
		};
		686DB8561D07FBC6003867F1 /* PBXTargetDependency */ = {
			isa = PBXTargetDependency;
			target = 686DB82F1D07FBC6003867F1 /* SocialShare */;
			targetProxy = 686DB8551D07FBC6003867F1 /* PBXContainerItemProxy */;
		};
/* End PBXTargetDependency section */

/* Begin PBXVariantGroup section */
		686DB83C1D07FBC6003867F1 /* Main.storyboard */ = {
			isa = PBXVariantGroup;
			children = (
				686DB83D1D07FBC6003867F1 /* Base */,
			);
			name = Main.storyboard;
			sourceTree = "<group>";
		};
		686DB8411D07FBC6003867F1 /* LaunchScreen.storyboard */ = {
			isa = PBXVariantGroup;
			children = (
				686DB8421D07FBC6003867F1 /* Base */,
			);
			name = LaunchScreen.storyboard;
			sourceTree = "<group>";
		};
/* End PBXVariantGroup section */

/* Begin XCBuildConfiguration section */
		686DB85B1D07FBC6003867F1 /* Debug */ = {
			isa = XCBuildConfiguration;
			buildSettings = {
				ALWAYS_SEARCH_USER_PATHS = NO;
				CLANG_ANALYZER_NONNULL = YES;
				CLANG_CXX_LANGUAGE_STANDARD = "gnu++0x";
				CLANG_CXX_LIBRARY = "libc++";
				CLANG_ENABLE_MODULES = YES;
				CLANG_ENABLE_OBJC_ARC = YES;
				CLANG_WARN_BOOL_CONVERSION = YES;
				CLANG_WARN_CONSTANT_CONVERSION = YES;
				CLANG_WARN_DIRECT_OBJC_ISA_USAGE = YES_ERROR;
				CLANG_WARN_EMPTY_BODY = YES;
				CLANG_WARN_ENUM_CONVERSION = YES;
				CLANG_WARN_INT_CONVERSION = YES;
				CLANG_WARN_OBJC_ROOT_CLASS = YES_ERROR;
				CLANG_WARN_UNREACHABLE_CODE = YES;
				CLANG_WARN__DUPLICATE_METHOD_MATCH = YES;
				"CODE_SIGN_IDENTITY[sdk=iphoneos*]" = "iPhone Developer";
				COPY_PHASE_STRIP = NO;
				DEBUG_INFORMATION_FORMAT = dwarf;
				ENABLE_STRICT_OBJC_MSGSEND = YES;
				ENABLE_TESTABILITY = YES;
				GCC_C_LANGUAGE_STANDARD = gnu99;
				GCC_DYNAMIC_NO_PIC = NO;
				GCC_NO_COMMON_BLOCKS = YES;
				GCC_OPTIMIZATION_LEVEL = 0;
				GCC_PREPROCESSOR_DEFINITIONS = (
					"DEBUG=1",
					"$(inherited)",
				);
				GCC_WARN_64_TO_32_BIT_CONVERSION = YES;
				GCC_WARN_ABOUT_RETURN_TYPE = YES_ERROR;
				GCC_WARN_UNDECLARED_SELECTOR = YES;
				GCC_WARN_UNINITIALIZED_AUTOS = YES_AGGRESSIVE;
				GCC_WARN_UNUSED_FUNCTION = YES;
				GCC_WARN_UNUSED_VARIABLE = YES;
				IPHONEOS_DEPLOYMENT_TARGET = 9.3;
				MTL_ENABLE_DEBUG_INFO = YES;
				ONLY_ACTIVE_ARCH = YES;
				SDKROOT = iphoneos;
			};
			name = Debug;
		};
		686DB85C1D07FBC6003867F1 /* Release */ = {
			isa = XCBuildConfiguration;
			buildSettings = {
				ALWAYS_SEARCH_USER_PATHS = NO;
				CLANG_ANALYZER_NONNULL = YES;
				CLANG_CXX_LANGUAGE_STANDARD = "gnu++0x";
				CLANG_CXX_LIBRARY = "libc++";
				CLANG_ENABLE_MODULES = YES;
				CLANG_ENABLE_OBJC_ARC = YES;
				CLANG_WARN_BOOL_CONVERSION = YES;
				CLANG_WARN_CONSTANT_CONVERSION = YES;
				CLANG_WARN_DIRECT_OBJC_ISA_USAGE = YES_ERROR;
				CLANG_WARN_EMPTY_BODY = YES;
				CLANG_WARN_ENUM_CONVERSION = YES;
				CLANG_WARN_INT_CONVERSION = YES;
				CLANG_WARN_OBJC_ROOT_CLASS = YES_ERROR;
				CLANG_WARN_UNREACHABLE_CODE = YES;
				CLANG_WARN__DUPLICATE_METHOD_MATCH = YES;
				"CODE_SIGN_IDENTITY[sdk=iphoneos*]" = "iPhone Developer";
				COPY_PHASE_STRIP = NO;
				DEBUG_INFORMATION_FORMAT = "dwarf-with-dsym";
				ENABLE_NS_ASSERTIONS = NO;
				ENABLE_STRICT_OBJC_MSGSEND = YES;
				GCC_C_LANGUAGE_STANDARD = gnu99;
				GCC_NO_COMMON_BLOCKS = YES;
				GCC_WARN_64_TO_32_BIT_CONVERSION = YES;
				GCC_WARN_ABOUT_RETURN_TYPE = YES_ERROR;
				GCC_WARN_UNDECLARED_SELECTOR = YES;
				GCC_WARN_UNINITIALIZED_AUTOS = YES_AGGRESSIVE;
				GCC_WARN_UNUSED_FUNCTION = YES;
				GCC_WARN_UNUSED_VARIABLE = YES;
				IPHONEOS_DEPLOYMENT_TARGET = 9.3;
				MTL_ENABLE_DEBUG_INFO = NO;
				SDKROOT = iphoneos;
				VALIDATE_PRODUCT = YES;
			};
			name = Release;
		};
		686DB85E1D07FBC6003867F1 /* Debug */ = {
			isa = XCBuildConfiguration;
			buildSettings = {
				ASSETCATALOG_COMPILER_APPICON_NAME = AppIcon;
				CODE_SIGN_IDENTITY = "iPhone Developer: Jiang Lin Chen (B5KV6854W4)";
				FRAMEWORK_SEARCH_PATHS = (
					"$(inherited)",
					"$(PROJECT_DIR)/SocialShare/TencentOpenAPISDK_V3.1.0",
				);
				INFOPLIST_FILE = SocialShare/Info.plist;
				IPHONEOS_DEPLOYMENT_TARGET = 7.1;
				LD_RUNPATH_SEARCH_PATHS = "$(inherited) @executable_path/Frameworks";
				LIBRARY_SEARCH_PATHS = (
					"$(inherited)",
					"$(PROJECT_DIR)/SocialShare/OpenSDK1.7.1",
				);
				ONLY_ACTIVE_ARCH = YES;
				PRODUCT_BUNDLE_IDENTIFIER = com.BlueCrane.SocialShare;
				PRODUCT_NAME = "$(TARGET_NAME)";
				PROVISIONING_PROFILE = "961173be-e093-4653-ad6d-a46e0940d927";
			};
			name = Debug;
		};
		686DB85F1D07FBC6003867F1 /* Release */ = {
			isa = XCBuildConfiguration;
			buildSettings = {
				ASSETCATALOG_COMPILER_APPICON_NAME = AppIcon;
				CODE_SIGN_IDENTITY = "iPhone Developer: Jiang Lin Chen (B5KV6854W4)";
				FRAMEWORK_SEARCH_PATHS = (
					"$(inherited)",
					"$(PROJECT_DIR)/SocialShare/TencentOpenAPISDK_V3.1.0",
				);
				INFOPLIST_FILE = SocialShare/Info.plist;
				IPHONEOS_DEPLOYMENT_TARGET = 7.1;
				LD_RUNPATH_SEARCH_PATHS = "$(inherited) @executable_path/Frameworks";
				LIBRARY_SEARCH_PATHS = (
					"$(inherited)",
					"$(PROJECT_DIR)/SocialShare/OpenSDK1.7.1",
				);
				ONLY_ACTIVE_ARCH = NO;
				PRODUCT_BUNDLE_IDENTIFIER = com.BlueCrane.SocialShare;
				PRODUCT_NAME = "$(TARGET_NAME)";
				PROVISIONING_PROFILE = "961173be-e093-4653-ad6d-a46e0940d927";
			};
			name = Release;
		};
		686DB8611D07FBC6003867F1 /* Debug */ = {
			isa = XCBuildConfiguration;
			buildSettings = {
				BUNDLE_LOADER = "$(TEST_HOST)";
				INFOPLIST_FILE = SocialShareTests/Info.plist;
				LD_RUNPATH_SEARCH_PATHS = "$(inherited) @executable_path/Frameworks @loader_path/Frameworks";
				PRODUCT_BUNDLE_IDENTIFIER = com.BlueCrane.SocialShareTests;
				PRODUCT_NAME = "$(TARGET_NAME)";
				TEST_HOST = "$(BUILT_PRODUCTS_DIR)/SocialShare.app/SocialShare";
			};
			name = Debug;
		};
		686DB8621D07FBC6003867F1 /* Release */ = {
			isa = XCBuildConfiguration;
			buildSettings = {
				BUNDLE_LOADER = "$(TEST_HOST)";
				INFOPLIST_FILE = SocialShareTests/Info.plist;
				LD_RUNPATH_SEARCH_PATHS = "$(inherited) @executable_path/Frameworks @loader_path/Frameworks";
				PRODUCT_BUNDLE_IDENTIFIER = com.BlueCrane.SocialShareTests;
				PRODUCT_NAME = "$(TARGET_NAME)";
				TEST_HOST = "$(BUILT_PRODUCTS_DIR)/SocialShare.app/SocialShare";
			};
			name = Release;
		};
		686DB8641D07FBC6003867F1 /* Debug */ = {
			isa = XCBuildConfiguration;
			buildSettings = {
				INFOPLIST_FILE = SocialShareUITests/Info.plist;
				LD_RUNPATH_SEARCH_PATHS = "$(inherited) @executable_path/Frameworks @loader_path/Frameworks";
				PRODUCT_BUNDLE_IDENTIFIER = com.BlueCrane.SocialShareUITests;
				PRODUCT_NAME = "$(TARGET_NAME)";
				TEST_TARGET_NAME = SocialShare;
			};
			name = Debug;
		};
		686DB8651D07FBC6003867F1 /* Release */ = {
			isa = XCBuildConfiguration;
			buildSettings = {
				INFOPLIST_FILE = SocialShareUITests/Info.plist;
				LD_RUNPATH_SEARCH_PATHS = "$(inherited) @executable_path/Frameworks @loader_path/Frameworks";
				PRODUCT_BUNDLE_IDENTIFIER = com.BlueCrane.SocialShareUITests;
				PRODUCT_NAME = "$(TARGET_NAME)";
				TEST_TARGET_NAME = SocialShare;
			};
			name = Release;
		};
/* End XCBuildConfiguration section */

/* Begin XCConfigurationList section */
		686DB82B1D07FBC6003867F1 /* Build configuration list for PBXProject "SocialShare" */ = {
			isa = XCConfigurationList;
			buildConfigurations = (
				686DB85B1D07FBC6003867F1 /* Debug */,
				686DB85C1D07FBC6003867F1 /* Release */,
			);
			defaultConfigurationIsVisible = 0;
			defaultConfigurationName = Release;
		};
		686DB85D1D07FBC6003867F1 /* Build configuration list for PBXNativeTarget "SocialShare" */ = {
			isa = XCConfigurationList;
			buildConfigurations = (
				686DB85E1D07FBC6003867F1 /* Debug */,
				686DB85F1D07FBC6003867F1 /* Release */,
			);
			defaultConfigurationIsVisible = 0;
			defaultConfigurationName = Release;
		};
		686DB8601D07FBC6003867F1 /* Build configuration list for PBXNativeTarget "SocialShareTests" */ = {
			isa = XCConfigurationList;
			buildConfigurations = (
				686DB8611D07FBC6003867F1 /* Debug */,
				686DB8621D07FBC6003867F1 /* Release */,
			);
			defaultConfigurationIsVisible = 0;
			defaultConfigurationName = Release;
		};
		686DB8631D07FBC6003867F1 /* Build configuration list for PBXNativeTarget "SocialShareUITests" */ = {
			isa = XCConfigurationList;
			buildConfigurations = (
				686DB8641D07FBC6003867F1 /* Debug */,
				686DB8651D07FBC6003867F1 /* Release */,
			);
			defaultConfigurationIsVisible = 0;
			defaultConfigurationName = Release;
		};
/* End XCConfigurationList section */
	};
	rootObject = 686DB8281D07FBC6003867F1 /* Project object */;
}
